
Microsoft Visual Studio Solution File, Format Version 12.00
# Visual Studio Version 17
VisualStudioVersion = 17.10.34928.147
MinimumVisualStudioVersion = 10.0.40219.1
Project("{FAE04EC0-301F-11D3-BF4B-00C04F79EFBC}") = "Strategy-Pattern", "Strategy-Pattern\Strategy-Pattern.csproj", "{A8299E48-BFD1-4E9A-8FF7-B513A9899D45}"
EndProject
Global
	GlobalSection(SolutionConfigurationPlatforms) = preSolution
		Debug|Any CPU = Debug|Any CPU
		Release|Any CPU = Release|Any CPU
	EndGlobalSection
	GlobalSection(ProjectConfigurationPlatforms) = postSolution
		{A8299E48-BFD1-4E9A-8FF7-B513A9899D45}.Debug|Any CPU.ActiveCfg = Debug|Any CPU
		{A8299E48-BFD1-4E9A-8FF7-B513A9899D45}.Debug|Any CPU.Build.0 = Debug|Any CPU
		{A8299E48-BFD1-4E9A-8FF7-B513A9899D45}.Release|Any CPU.ActiveCfg = Release|Any CPU
		{A8299E48-BFD1-4E9A-8FF7-B513A9899D45}.Release|Any CPU.Build.0 = Release|Any CPU
	EndGlobalSection
	GlobalSection(SolutionProperties) = preSolution
		HideSolutionNode = FALSE
	EndGlobalSection
	GlobalSection(ExtensibilityGlobals) = postSolution
		SolutionGuid = {0270F49A-2532-46D9-85DB-03CD2C737542}
	EndGlobalSection
EndGlobal
